{
  "requires": true,
  "lockfileVersion": 1,
  "dependencies": {
    "@syncfusion/ej2-base": {
      "version": "18.1.57",
      "resolved": "https://registry.npmjs.org/@syncfusion/ej2-base/-/ej2-base-18.1.57.tgz",
      "integrity": "sha512-6Qc0Qpv38bK50wI/k6GzjoRvL4J1KfmDqs22V7YBtnVS/mh8hMl5x1qscgiAsH5dYlfJIGJb/PyEb5RgJeKjaA==",
      "requires": {
        "@syncfusion/ej2-icons": "~18.1.52"
      }
    },
    "@syncfusion/ej2-buttons": {
      "version": "18.1.56",
      "resolved": "https://registry.npmjs.org/@syncfusion/ej2-buttons/-/ej2-buttons-18.1.56.tgz",
      "integrity": "sha512-CFNY+LNa4gINat44v46IuTUBuaPKKZmG1GKACwA6FA1ECE9g4Ed/eTRYNBO19P8+w74jzYr5b769j6PrNkNQMw==",
      "requires": {
        "@syncfusion/ej2-base": "~18.1.56"
      }
    },
    "@syncfusion/ej2-calendars": {
      "version": "18.1.57",
      "resolved": "https://registry.npmjs.org/@syncfusion/ej2-calendars/-/ej2-calendars-18.1.57.tgz",
      "integrity": "sha512-rxND9x+t5NdZsfP7uJ4YirBdkmuj08TSeFrqs8TAOlNkNoe1wd8fZV27EqSuyCALLEzBPHQiYBMPzQiLeHXqqA==",
      "requires": {
        "@syncfusion/ej2-base": "~18.1.57",
        "@syncfusion/ej2-buttons": "~18.1.56",
        "@syncfusion/ej2-inputs": "~18.1.56",
        "@syncfusion/ej2-lists": "~18.1.53",
        "@syncfusion/ej2-popups": "~18.1.57"
      }
    },
    "@syncfusion/ej2-compression": {
      "version": "18.1.52",
      "resolved": "https://registry.npmjs.org/@syncfusion/ej2-compression/-/ej2-compression-18.1.52.tgz",
      "integrity": "sha512-FD4h8i7uHEhHr/v+A53ssQbrOo9VubbzvVvi7zIotPOY+W/p/MkYDjOCIfZL3ugzLkE/cf0PtrJD3Igzv9P2qg==",
      "requires": {
        "@syncfusion/ej2-file-utils": "~18.1.52"
      }
    },
    "@syncfusion/ej2-data": {
      "version": "18.1.55",
      "resolved": "https://registry.npmjs.org/@syncfusion/ej2-data/-/ej2-data-18.1.55.tgz",
      "integrity": "sha512-sTz4k3diSgy/7dwQjb9MByZyVDD+uzgjaKVO6xocDTcZpYSvcg+J/p+ORhahQULC0aHBd/qZv7ctiQ1acNrImw==",
      "requires": {
        "@syncfusion/ej2-base": "~18.1.53"
      }
    },
    "@syncfusion/ej2-dropdowns": {
      "version": "18.1.59",
      "resolved": "https://registry.npmjs.org/@syncfusion/ej2-dropdowns/-/ej2-dropdowns-18.1.59.tgz",
      "integrity": "sha512-s1PED43lL8gbMSOEfY9JU7MNVQEXgq2/1JM6+5dDuIMluWsXIJzFXc9DMBMXSeXyzCMR2eAJ5RFk/kVbNM+Qzw==",
      "requires": {
        "@syncfusion/ej2-base": "~18.1.57",
        "@syncfusion/ej2-data": "~18.1.55",
        "@syncfusion/ej2-inputs": "~18.1.59",
        "@syncfusion/ej2-lists": "~18.1.53",
        "@syncfusion/ej2-navigations": "~18.1.57",
        "@syncfusion/ej2-popups": "~18.1.57"
      }
    },
    "@syncfusion/ej2-excel-export": {
      "version": "18.1.53",
      "resolved": "https://registry.npmjs.org/@syncfusion/ej2-excel-export/-/ej2-excel-export-18.1.53.tgz",
      "integrity": "sha512-Fdwi/OId2Md+hjYVp5gZwBfs8VIzEqqrlPwPcYsJFab+1FLyqVvpSr5wAuWBvVaYVktQdhDi+XS4M800N6LdXw==",
      "requires": {
        "@syncfusion/ej2-base": "~18.1.53",
        "@syncfusion/ej2-compression": "~18.1.52"
      }
    },
    "@syncfusion/ej2-file-utils": {
      "version": "18.1.52",
      "resolved": "https://registry.npmjs.org/@syncfusion/ej2-file-utils/-/ej2-file-utils-18.1.52.tgz",
      "integrity": "sha512-dnrjiSz1gbIwpLayj8RuigHzIVAfF8SOUn8rQd116nflmF12XhtuQ46MCnIgJobu9KEFwsZSk4JJpDHqMlQqsg=="
    },
    "@syncfusion/ej2-icons": {
      "version": "18.1.52",
      "resolved": "https://registry.npmjs.org/@syncfusion/ej2-icons/-/ej2-icons-18.1.52.tgz",
      "integrity": "sha512-G7TQ+1Y7BVUGR8qlo/NOx7IxQ/WkR9qoAyWVSs3sNNxnpM8HXP16N0BiexPwxkNEgoRmdByngtWPddHax9cdbA=="
    },
    "@syncfusion/ej2-inputs": {
      "version": "18.1.59",
      "resolved": "https://registry.npmjs.org/@syncfusion/ej2-inputs/-/ej2-inputs-18.1.59.tgz",
      "integrity": "sha512-yGlRtPr2G5Ou4FmuFq3jCKT3N6xbDvUSfOkyOIWJ8cxjnXY5G7opVNO5jPSW4w05NT07AtkAmaC1FI4kQBgoNg==",
      "requires": {
        "@syncfusion/ej2-base": "~18.1.57",
        "@syncfusion/ej2-buttons": "~18.1.56",
        "@syncfusion/ej2-popups": "~18.1.57",
        "@syncfusion/ej2-splitbuttons": "~18.1.52"
      }
    },
    "@syncfusion/ej2-lists": {
      "version": "18.1.53",
      "resolved": "https://registry.npmjs.org/@syncfusion/ej2-lists/-/ej2-lists-18.1.53.tgz",
      "integrity": "sha512-KW48B+Zjoy2s+Efnxg03F8PZyq/SgBueYae/AtVE0kIPGyK9T3ZLt05S44mOvm+Bxb36D03HoRDjMOfEzqmULQ==",
      "requires": {
        "@syncfusion/ej2-base": "~18.1.53",
        "@syncfusion/ej2-buttons": "~18.1.52",
        "@syncfusion/ej2-data": "~18.1.52"
      }
    },
    "@syncfusion/ej2-navigations": {
      "version": "18.1.57",
      "resolved": "https://registry.npmjs.org/@syncfusion/ej2-navigations/-/ej2-navigations-18.1.57.tgz",
      "integrity": "sha512-O86PEdM44+3xFfOR4hq7rgPbNSMQrnTTyFdT98dpMsMJhrGsSQfPFOHVOz3SlKS2ts3ke9t1I/hjyjAqVoNEQQ==",
      "requires": {
        "@syncfusion/ej2-base": "~18.1.57",
        "@syncfusion/ej2-buttons": "~18.1.56",
        "@syncfusion/ej2-data": "~18.1.55",
        "@syncfusion/ej2-inputs": "~18.1.56",
        "@syncfusion/ej2-lists": "~18.1.53",
        "@syncfusion/ej2-popups": "~18.1.57"
      }
    },
    "@syncfusion/ej2-popups": {
      "version": "18.1.57",
      "resolved": "https://registry.npmjs.org/@syncfusion/ej2-popups/-/ej2-popups-18.1.57.tgz",
      "integrity": "sha512-pJybcSqvg2mf+N8iJnxfTqb7x8rQWxOjkCJdJm2bWzq/qQ5aKCnqfCnduKgOEgcCqstSjpRYHPQrGYM0/sTe7A==",
      "requires": {
        "@syncfusion/ej2-base": "~18.1.57",
        "@syncfusion/ej2-buttons": "~18.1.56"
      }
    },
    "@syncfusion/ej2-react-base": {
      "version": "18.1.54",
      "resolved": "https://registry.npmjs.org/@syncfusion/ej2-react-base/-/ej2-react-base-18.1.54.tgz",
      "integrity": "sha512-o0lW0we1XKkfoMgBHDuGWgAgIf15UeFcvSMGgIw0wpwENFXaizK8dKXTifEMSFEupy3KtrsJHUdie8fclJtU3A==",
      "requires": {
        "@syncfusion/ej2-base": "~18.1.53"
      }
    },
    "@syncfusion/ej2-react-schedule": {
      "version": "18.1.56",
      "resolved": "https://registry.npmjs.org/@syncfusion/ej2-react-schedule/-/ej2-react-schedule-18.1.56.tgz",
      "integrity": "sha512-+ukPstSOhnZ3DQ4kIFWXmkcbEOKuTF0mn1G40ekxXgnKD+l3st2yGSLXg5/C2DOUs7k8JOkmBFEyKkqAgUSsRA==",
      "requires": {
        "@syncfusion/ej2-base": "~18.1.56",
        "@syncfusion/ej2-react-base": "~18.1.54",
        "@syncfusion/ej2-schedule": "18.1.56"
      }
    },
    "@syncfusion/ej2-schedule": {
      "version": "18.1.56",
      "resolved": "https://registry.npmjs.org/@syncfusion/ej2-schedule/-/ej2-schedule-18.1.56.tgz",
      "integrity": "sha512-c46pA4tkMJBhNMl53uuEl0pDJbPPnRYDGTIU3MBK2aF+tleln5qcG6vEuhxCCt8aeBnXCbVfiSfnuZkjXthdOA==",
      "requires": {
        "@syncfusion/ej2-base": "~18.1.56",
        "@syncfusion/ej2-buttons": "~18.1.56",
        "@syncfusion/ej2-calendars": "~18.1.53",
        "@syncfusion/ej2-data": "~18.1.55",
        "@syncfusion/ej2-dropdowns": "~18.1.56",
        "@syncfusion/ej2-excel-export": "~18.1.53",
        "@syncfusion/ej2-inputs": "~18.1.56",
        "@syncfusion/ej2-lists": "~18.1.53",
        "@syncfusion/ej2-navigations": "~18.1.55",
        "@syncfusion/ej2-popups": "~18.1.56"
      }
    },
    "@syncfusion/ej2-splitbuttons": {
      "version": "18.1.52",
      "resolved": "https://registry.npmjs.org/@syncfusion/ej2-splitbuttons/-/ej2-splitbuttons-18.1.52.tgz",
      "integrity": "sha512-7w3+3rIHTvSXqCKh52YLlrF/BPsa1um29wYtBN0pBfOSyfGVdteXXYjgA364Z64b8okykBwvIE7SYxvm/cUhew==",
      "requires": {
        "@syncfusion/ej2-base": "~18.1.52",
        "@syncfusion/ej2-popups": "~18.1.52"
      }
    }
  }
}
